Microsoft Visual Studio Solution File, Format Version 12.00
# Visual Studio Version 17
VisualStudioVersion = 17.3.32811.315
MinimumVisualStudioVersion = 10.0.40219.1
Project("{FAE04EC0-301F-11D3-BF4B-00C04F79EFBC}") = "Console rpg", "Console rpg.csproj", "{66897960-8AC4-4715-9D75-F2063808C347}"
EndProject
Global
	GlobalSection(SolutionConfigurationPlatforms) = preSolution
		Debug|Any CPU = Debug|Any CPU
		Release|Any CPU = Release|Any CPU
	EndGlobalSection
	GlobalSection(ProjectConfigurationPlatforms) = postSolution
		{66897960-8AC4-4715-9D75-F2063808C347}.Debug|Any CPU.ActiveCfg = Debug|Any CPU
		{66897960-8AC4-4715-9D75-F2063808C347}.Debug|Any CPU.Build.0 = Debug|Any CPU
		{66897960-8AC4-4715-9D75-F2063808C347}.Release|Any CPU.ActiveCfg = Release|Any CPU
		{66897960-8AC4-4715-9D75-F2063808C347}.Release|Any CPU.Build.0 = Release|Any CPU
	EndGlobalSection
	GlobalSection(SolutionProperties) = preSolution
		HideSolutionNode = FALSE
	EndGlobalSection
	GlobalSection(ExtensibilityGlobals) = postSolution
		SolutionGuid = {755872BE-D9EA-42C9-BC79-22A3981E614C}
	EndGlobalSection
EndGlobal